
Microsoft Visual Studio Solution File, Format Version 12.00
# Visual Studio Version 17
VisualStudioVersion = 17.7.34031.279
MinimumVisualStudioVersion = 10.0.40219.1
Project("{FAE04EC0-301F-11D3-BF4B-00C04F79EFBC}") = "agarera.TerceraEvaluacion", "agarera.TerceraEvaluacion\agarera.TerceraEvaluacion.csproj", "{45B48151-CE15-4352-99C5-C687697974E0}"
EndProject
Global
	GlobalSection(SolutionConfigurationPlatforms) = preSolution
		Debug|Any CPU = Debug|Any CPU
		Release|Any CPU = Release|Any CPU
	EndGlobalSection
	GlobalSection(ProjectConfigurationPlatforms) = postSolution
		{45B48151-CE15-4352-99C5-C687697974E0}.Debug|Any CPU.ActiveCfg = Debug|Any CPU
		{45B48151-CE15-4352-99C5-C687697974E0}.Debug|Any CPU.Build.0 = Debug|Any CPU
		{45B48151-CE15-4352-99C5-C687697974E0}.Release|Any CPU.ActiveCfg = Release|Any CPU
		{45B48151-CE15-4352-99C5-C687697974E0}.Release|Any CPU.Build.0 = Release|Any CPU
	EndGlobalSection
	GlobalSection(SolutionProperties) = preSolution
		HideSolutionNode = FALSE
	EndGlobalSection
	GlobalSection(ExtensibilityGlobals) = postSolution
		SolutionGuid = {67EFA856-80BB-4D7F-880F-2DC7AB83FD08}
	EndGlobalSection
EndGlobal
